Microsoft Visual Studio Solution File, Format Version 12.00
# Visual Studio Version 17
VisualStudioVersion = 17.5.2.0
MinimumVisualStudioVersion = 10.0.40219.1
Project("{2150E333-8FDC-42A3-9474-1A3956D46DE8}") = "Labs", "Labs", "{908A2AE8-7277-8D33-5900-B70622523C2F}"
EndProject
Project("{2150E333-8FDC-42A3-9474-1A3956D46DE8}") = "110", "110", "{7E56053D-8E72-0F92-036B-89295E042F88}"
EndProject
Project("{FAE04EC0-301F-11D3-BF4B-00C04F79EFBC}") = "Lab-01-Basics", "Labs\110\Lab-01-Basics\Lab-01-Basics.csproj", "{2C97506C-03FB-B17C-D339-CE2AA7967243}"
EndProject
Global
	GlobalSection(SolutionConfigurationPlatforms) = preSolution
		Debug|Any CPU = Debug|Any CPU
		Release|Any CPU = Release|Any CPU
	EndGlobalSection
	GlobalSection(ProjectConfigurationPlatforms) = postSolution
		{2C97506C-03FB-B17C-D339-CE2AA7967243}.Debug|Any CPU.ActiveCfg = Debug|Any CPU
		{2C97506C-03FB-B17C-D339-CE2AA7967243}.Debug|Any CPU.Build.0 = Debug|Any CPU
		{2C97506C-03FB-B17C-D339-CE2AA7967243}.Release|Any CPU.ActiveCfg = Release|Any CPU
		{2C97506C-03FB-B17C-D339-CE2AA7967243}.Release|Any CPU.Build.0 = Release|Any CPU
	EndGlobalSection
	GlobalSection(SolutionProperties) = preSolution
		HideSolutionNode = FALSE
	EndGlobalSection
	GlobalSection(NestedProjects) = preSolution
		{7E56053D-8E72-0F92-036B-89295E042F88} = {908A2AE8-7277-8D33-5900-B70622523C2F}
		{2C97506C-03FB-B17C-D339-CE2AA7967243} = {7E56053D-8E72-0F92-036B-89295E042F88}
	EndGlobalSection
	GlobalSection(ExtensibilityGlobals) = postSolution
		SolutionGuid = {6813B51A-CAC0-4DFB-BDA2-0A5274434456}
	EndGlobalSection
EndGlobal
